github.com/davecgh/go-spew v1.1.1 h1:vj9j/u1bqnvCEfJOwUhtlOARqs3+rkHYY13jYWTU97c=
github.com/davecgh/go-spew v1.1.1/go.mod h1:J7Y8YcW2NihsgmVo/mv3lAwl/skON4iLHjSsI+c5H38=
github.com/mjwhitta/cli v1.13.2 h1:GojnFR5vPX5YfmoN56mCJAN3K9/z1wRUpxrvRkl6kZw=
github.com/mjwhitta/cli v1.13.2/go.mod h1:FExUKKbrIOLNM8cKN1XO1CLYlILSiu/Ae1M9t4gStzw=
github.com/mjwhitta/errors v1.0.7 h1:gj4MNIc/DiZMZ7B0+Tz/0ExhpwurzOmuO3THTJZGkHw=
github.com/mjwhitta/errors v1.0.7/go.mod h1:NoDi7MJLuXJuf69DeHiQMveI72TcKJdEAGVb2JJOVOs=
github.com/mjwhitta/hilighter v1.14.1 h1:2WOKmiQcSND3H3d0nCk+Hdgqk/xt+FfAdUZCGR8trew=
github.com/mjwhitta/hilighter v1.14.1/go.mod h1:lRbKXyDboGjH+i/fP1wM/5XpCyFdVrW8F5FyQgn/2CU=
github.com/mjwhitta/log v1.8.4 h1:Edi8gdy+uH29A84NosfcQkioZJFOZBKKzqIuNSpSkLI=
github.com/mjwhitta/log v1.8.4/go.mod h1:nd5eazUU2/qWfnbmTlyUCBKILQ2LMONdTfJzYYCczvo=
github.com/mjwhitta/pathname v1.3.1 h1:hBkMT4ukA8hLEMIRvmWvylNHNzhX0SCf8tJ9KJEFcyo=
github.com/mjwhitta/pathname v1.3.1/go.mod h1:ZxV5Xv1EiDTmoFYAuzTnTZ8A8EWOD+uR+LugcaTfWd0=
github.com/pmezard/go-difflib v1.0.0 h1:4DBwDE0NGyQoBHbLQYPwSUPoCMWR5BEzIk/f1lZbAQM=
github.com/pmezard/go-difflib v1.0.0/go.mod h1:iKH77koFhYxTK1pcRnkKkqfTogsbg7gZNVY4sRDYZ/4=
github.com/stretchr/testify v1.11.1 h1:7s2iGBzp5EwR7/aIZr8ao5+dra3wiQyKjjFuvgVKu7U=
github.com/stretchr/testify v1.11.1/go.mod h1:wZwfW3scLgRK+23gO65QZefKpKQRnfz6sD981Nm4B6U=
golang.org/x/sys v0.38.0 h1:3yZWxaJjBmCWXqhN1qh02AkOnCQ1poK6oF+a7xWL6Gc=
golang.org/x/sys v0.38.0/go.mod h1:OgkHotnGiDImocRcuBABYBEXf8A9a87e/uXjp9XT3ks=
gopkg.in/yaml.v3 v3.0.1 h1:fxVm/GzAzEWqLHuvctI91KS9hhNmmWOoWu0XTYJS7CA=
gopkg.in/yaml.v3 v3.0.1/go.mod h1:K4uyk7z7BCEPqu6E+C64Yfv1cQ7kz7rIZviUmN+EgEM=
