github.com/davecgh/go-spew v1.1.1 h1:vj9j/u1bqnvCEfJOwUhtlOARqs3+rkHYY13jYWTU97c=
github.com/mjwhitta/errors v1.0.2 h1:5QmN4kKfFwYiSsdASDmoi3ie7HesdU7pNDqlhXE9nuU=
github.com/mjwhitta/errors v1.0.2/go.mod h1:VxHM8bLMPVqkvHiYQq4Nq4sjNqPjUtKLhSF2I0wve5U=
github.com/mjwhitta/pathname v1.2.5 h1:wSUZGv+mCrmndNkX2uak8XMZhkXXbgjYG/dMclGKrUE=
github.com/mjwhitta/pathname v1.2.5/go.mod h1:t0k8GIucdXPKhiKyV4aAWtBA9LhLB7mV50DJlhrMpog=
github.com/pmezard/go-difflib v1.0.0 h1:4DBwDE0NGyQoBHbLQYPwSUPoCMWR5BEzIk/f1lZbAQM=
github.com/stretchr/testify v1.8.4 h1:CcVxjf3Q8PM0mHUKJCdn+eZZtm5yQwehR5yeSVQQcUk=
golang.org/x/sys v0.17.0 h1:25cE3gD+tdBA7lp7QfhuV+rJiE9YXTcS3VG1SqssI/Y=
golang.org/x/sys v0.17.0/go.mod h1:/VUhepiaJMQUp4+oa/7Zr1D23ma6VTLIYjOOTFZPUcA=
gopkg.in/yaml.v3 v3.0.1 h1:fxVm/GzAzEWqLHuvctI91KS9hhNmmWOoWu0XTYJS7CA=
