gitlab.com/mjwhitta/pathname v1.0.6 h1:hboITLPbJigX9WvKD6pv+Ay4w9zleOHnmJtGswBoYXg=
gitlab.com/mjwhitta/pathname v1.0.6/go.mod h1:DDc1eLhCHMHYMttam61vgyKGya/IIs2IDOTkr6GyFhs=
golang.org/x/sys v0.0.0-20201027140754-0fcbb8f4928c h1:2+jF2APAgFgXJnYOQGDGGiRvvEo6OhqZGQf46n9xgEw=
golang.org/x/sys v0.0.0-20201027140754-0fcbb8f4928c/go.mod h1:h1NjWce9XRLGQEsW7wpKNCjG9DtNlClVuFLEZdDNbEs=
